
Microsoft Visual Studio Solution File, Format Version 12.00
# Visual Studio Version 16
VisualStudioVersion = 16.0.31702.278
MinimumVisualStudioVersion = 10.0.40219.1
Project("{FAE04EC0-301F-11D3-BF4B-00C04F79EFBC}") = "ServiceRest_025", "ServiceRest_025\ServiceRest_025.csproj", "{CA32C8E4-E2C4-4C7E-A9AB-EB7ED13969E7}"
EndProject
Global
	GlobalSection(SolutionConfigurationPlatforms) = preSolution
		Debug|Any CPU = Debug|Any CPU
		Release|Any CPU = Release|Any CPU
	EndGlobalSection
	GlobalSection(ProjectConfigurationPlatforms) = postSolution
		{CA32C8E4-E2C4-4C7E-A9AB-EB7ED13969E7}.Debug|Any CPU.ActiveCfg = Debug|Any CPU
		{CA32C8E4-E2C4-4C7E-A9AB-EB7ED13969E7}.Debug|Any CPU.Build.0 = Debug|Any CPU
		{CA32C8E4-E2C4-4C7E-A9AB-EB7ED13969E7}.Release|Any CPU.ActiveCfg = Release|Any CPU
		{CA32C8E4-E2C4-4C7E-A9AB-EB7ED13969E7}.Release|Any CPU.Build.0 = Release|Any CPU
	EndGlobalSection
	GlobalSection(SolutionProperties) = preSolution
		HideSolutionNode = FALSE
	EndGlobalSection
	GlobalSection(ExtensibilityGlobals) = postSolution
		SolutionGuid = {77C53022-2002-4C18-9F35-991E76CA7E45}
	EndGlobalSection
EndGlobal
